// !$*UTF8*$!
{
	archiveVersion = 1;
	classes = {
	};
	objectVersion = 50;
	objects = {

/* Begin PBXBuildFile section */
		067E9EBE759A5DB9DBBA0A99 /* Pods_IShopUITests.framework in Frameworks */ = {isa = PBXBuildFile; fileRef = 67D7D1C05EB61AE49BC881BB /* Pods_IShopUITests.framework */; };
		502F7178FCBF1BFB3BA86553 /* Pods_IShopTests.framework in Frameworks */ = {isa = PBXBuildFile; fileRef = 5418AB9FABA932C17F1FD6F7 /* Pods_IShopTests.framework */; };
		71BB6D50653248BBD17C119E /* Pods_IShop.framework in Frameworks */ = {isa = PBXBuildFile; fileRef = 1717BE0144D857FDF5B88CEC /* Pods_IShop.framework */; };
		9A0C8DA6226CD61400BF40AB /* AppDelegate.swift in Sources */ = {isa = PBXBuildFile; fileRef = 9A0C8DA5226CD61400BF40AB /* AppDelegate.swift */; };
		9A0C8DAD226CD61500BF40AB /* Assets.xcassets in Resources */ = {isa = PBXBuildFile; fileRef = 9A0C8DAC226CD61500BF40AB /* Assets.xcassets */; };
		9A0C8DB0226CD61500BF40AB /* LaunchScreen.storyboard in Resources */ = {isa = PBXBuildFile; fileRef = 9A0C8DAE226CD61500BF40AB /* LaunchScreen.storyboard */; };
		9A0C8DBB226CD61500BF40AB /* IShopTests.swift in Sources */ = {isa = PBXBuildFile; fileRef = 9A0C8DBA226CD61500BF40AB /* IShopTests.swift */; };
		9A0C8DC6226CD61500BF40AB /* IShopUITests.swift in Sources */ = {isa = PBXBuildFile; fileRef = 9A0C8DC5226CD61500BF40AB /* IShopUITests.swift */; };
		9AC180452272EE2600E1541C /* AbstractErrorParser.swift in Sources */ = {isa = PBXBuildFile; fileRef = 9AC180442272EE2600E1541C /* AbstractErrorParser.swift */; };
		9AC180472272EE3A00E1541C /* ErrorParser.swift in Sources */ = {isa = PBXBuildFile; fileRef = 9AC180462272EE3A00E1541C /* ErrorParser.swift */; };
		9AC180492272EF2F00E1541C /* DataRequest.swift in Sources */ = {isa = PBXBuildFile; fileRef = 9AC180482272EF2F00E1541C /* DataRequest.swift */; };
		9AC1804B2272EF6900E1541C /* RequestRouter.swift in Sources */ = {isa = PBXBuildFile; fileRef = 9AC1804A2272EF6900E1541C /* RequestRouter.swift */; };
		9AC1804D2272EFB200E1541C /* LoginResult.swift in Sources */ = {isa = PBXBuildFile; fileRef = 9AC1804C2272EFB200E1541C /* LoginResult.swift */; };
		9AC1804F2272EFBA00E1541C /* User.swift in Sources */ = {isa = PBXBuildFile; fileRef = 9AC1804E2272EFBA00E1541C /* User.swift */; };
		9AC180522272EFF900E1541C /* AuthRequestFactory.swift in Sources */ = {isa = PBXBuildFile; fileRef = 9AC180512272EFF900E1541C /* AuthRequestFactory.swift */; };
		9AC180542272F02200E1541C /* Auth.swift in Sources */ = {isa = PBXBuildFile; fileRef = 9AC180532272F02200E1541C /* Auth.swift */; };
		9AC180562272F03D00E1541C /* RequestFactory.swift in Sources */ = {isa = PBXBuildFile; fileRef = 9AC180552272F03D00E1541C /* RequestFactory.swift */; };
		9AC180582272F33000E1541C /* LogoutResult.swift in Sources */ = {isa = PBXBuildFile; fileRef = 9AC180572272F33000E1541C /* LogoutResult.swift */; };
		9AC1805A2272F5D300E1541C /* RegistrResult.swift in Sources */ = {isa = PBXBuildFile; fileRef = 9AC180592272F5D300E1541C /* RegistrResult.swift */; };
		9AC1805C2272F95500E1541C /* ChangeDataResult.swift in Sources */ = {isa = PBXBuildFile; fileRef = 9AC1805B2272F95500E1541C /* ChangeDataResult.swift */; };
		9AC1805E2272FC0700E1541C /* Main.storyboard in Resources */ = {isa = PBXBuildFile; fileRef = 9AC1805D2272FC0700E1541C /* Main.storyboard */; };
		9AC1806A2274C2BB00E1541C /* LoginTest.swift in Sources */ = {isa = PBXBuildFile; fileRef = 9AC180692274C2BB00E1541C /* LoginTest.swift */; };
/* End PBXBuildFile section */

/* Begin PBXContainerItemProxy section */
		9A0C8DB7226CD61500BF40AB /* PBXContainerItemProxy */ = {
			isa = PBXContainerItemProxy;
			containerPortal = 9A0C8D9A226CD61400BF40AB /* Project object */;
			proxyType = 1;
			remoteGlobalIDString = 9A0C8DA1226CD61400BF40AB;
			remoteInfo = IShop;
		};
		9A0C8DC2226CD61500BF40AB /* PBXContainerItemProxy */ = {
			isa = PBXContainerItemProxy;
			containerPortal = 9A0C8D9A226CD61400BF40AB /* Project object */;
			proxyType = 1;
			remoteGlobalIDString = 9A0C8DA1226CD61400BF40AB;
			remoteInfo = IShop;
		};
/* End PBXContainerItemProxy section */

/* Begin PBXFileReference section */
		08C49666C4F87F99EFC8103C /* Pods-IShopUITests.debug.xcconfig */ = {isa = PBXFileReference; includeInIndex = 1; lastKnownFileType = text.xcconfig; name = "Pods-IShopUITests.debug.xcconfig"; path = "Pods/Target Support Files/Pods-IShopUITests/Pods-IShopUITests.debug.xcconfig"; sourceTree = "<group>"; };
		0FD325B284857C7AA817CE2A /* Pods-IShop.release.xcconfig */ = {isa = PBXFileReference; includeInIndex = 1; lastKnownFileType = text.xcconfig; name = "Pods-IShop.release.xcconfig"; path = "Pods/Target Support Files/Pods-IShop/Pods-IShop.release.xcconfig"; sourceTree = "<group>"; };
		1717BE0144D857FDF5B88CEC /* Pods_IShop.framework */ = {isa = PBXFileReference; explicitFileType = wrapper.framework; includeInIndex = 0; path = Pods_IShop.framework; sourceTree = BUILT_PRODUCTS_DIR; };
		5418AB9FABA932C17F1FD6F7 /* Pods_IShopTests.framework */ = {isa = PBXFileReference; explicitFileType = wrapper.framework; includeInIndex = 0; path = Pods_IShopTests.framework; sourceTree = BUILT_PRODUCTS_DIR; };
		60D9A19A2DD40E0EFB399665 /* Pods-IShop.debug.xcconfig */ = {isa = PBXFileReference; includeInIndex = 1; lastKnownFileType = text.xcconfig; name = "Pods-IShop.debug.xcconfig"; path = "Pods/Target Support Files/Pods-IShop/Pods-IShop.debug.xcconfig"; sourceTree = "<group>"; };
		67D7D1C05EB61AE49BC881BB /* Pods_IShopUITests.framework */ = {isa = PBXFileReference; explicitFileType = wrapper.framework; includeInIndex = 0; path = Pods_IShopUITests.framework; sourceTree = BUILT_PRODUCTS_DIR; };
		68FACF750ACC98C9AFFF156B /* Pods-IShopTests.debug.xcconfig */ = {isa = PBXFileReference; includeInIndex = 1; lastKnownFileType = text.xcconfig; name = "Pods-IShopTests.debug.xcconfig"; path = "Pods/Target Support Files/Pods-IShopTests/Pods-IShopTests.debug.xcconfig"; sourceTree = "<group>"; };
		9A0C8DA2226CD61400BF40AB /* IShop.app */ = {isa = PBXFileReference; explicitFileType = wrapper.application; includeInIndex = 0; path = IShop.app; sourceTree = BUILT_PRODUCTS_DIR; };
		9A0C8DA5226CD61400BF40AB /* AppDelegate.swift */ = {isa = PBXFileReference; lastKnownFileType = sourcecode.swift; path = AppDelegate.swift; sourceTree = "<group>"; };
		9A0C8DAC226CD61500BF40AB /* Assets.xcassets */ = {isa = PBXFileReference; lastKnownFileType = folder.assetcatalog; path = Assets.xcassets; sourceTree = "<group>"; };
		9A0C8DAF226CD61500BF40AB /* Base */ = {isa = PBXFileReference; lastKnownFileType = file.storyboard; name = Base; path = Base.lproj/LaunchScreen.storyboard; sourceTree = "<group>"; };
		9A0C8DB1226CD61500BF40AB /* Info.plist */ = {isa = PBXFileReference; lastKnownFileType = text.plist.xml; path = Info.plist; sourceTree = "<group>"; };
		9A0C8DB6226CD61500BF40AB /* IShopTests.xctest */ = {isa = PBXFileReference; explicitFileType = wrapper.cfbundle; includeInIndex = 0; path = IShopTests.xctest; sourceTree = BUILT_PRODUCTS_DIR; };
		9A0C8DBA226CD61500BF40AB /* IShopTests.swift */ = {isa = PBXFileReference; lastKnownFileType = sourcecode.swift; path = IShopTests.swift; sourceTree = "<group>"; };
		9A0C8DBC226CD61500BF40AB /* Info.plist */ = {isa = PBXFileReference; lastKnownFileType = text.plist.xml; path = Info.plist; sourceTree = "<group>"; };
		9A0C8DC1226CD61500BF40AB /* IShopUITests.xctest */ = {isa = PBXFileReference; explicitFileType = wrapper.cfbundle; includeInIndex = 0; path = IShopUITests.xctest; sourceTree = BUILT_PRODUCTS_DIR; };
		9A0C8DC5226CD61500BF40AB /* IShopUITests.swift */ = {isa = PBXFileReference; lastKnownFileType = sourcecode.swift; path = IShopUITests.swift; sourceTree = "<group>"; };
		9A0C8DC7226CD61500BF40AB /* Info.plist */ = {isa = PBXFileReference; lastKnownFileType = text.plist.xml; path = Info.plist; sourceTree = "<group>"; };
		9AC180442272EE2600E1541C /* AbstractErrorParser.swift */ = {isa = PBXFileReference; lastKnownFileType = sourcecode.swift; path = AbstractErrorParser.swift; sourceTree = "<group>"; };
		9AC180462272EE3A00E1541C /* ErrorParser.swift */ = {isa = PBXFileReference; lastKnownFileType = sourcecode.swift; path = ErrorParser.swift; sourceTree = "<group>"; };
		9AC180482272EF2F00E1541C /* DataRequest.swift */ = {isa = PBXFileReference; lastKnownFileType = sourcecode.swift; path = DataRequest.swift; sourceTree = "<group>"; };
		9AC1804A2272EF6900E1541C /* RequestRouter.swift */ = {isa = PBXFileReference; lastKnownFileType = sourcecode.swift; path = RequestRouter.swift; sourceTree = "<group>"; };
		9AC1804C2272EFB200E1541C /* LoginResult.swift */ = {isa = PBXFileReference; lastKnownFileType = sourcecode.swift; path = LoginResult.swift; sourceTree = "<group>"; };
		9AC1804E2272EFBA00E1541C /* User.swift */ = {isa = PBXFileReference; lastKnownFileType = sourcecode.swift; path = User.swift; sourceTree = "<group>"; };
		9AC180512272EFF900E1541C /* AuthRequestFactory.swift */ = {isa = PBXFileReference; lastKnownFileType = sourcecode.swift; path = AuthRequestFactory.swift; sourceTree = "<group>"; };
		9AC180532272F02200E1541C /* Auth.swift */ = {isa = PBXFileReference; lastKnownFileType = sourcecode.swift; path = Auth.swift; sourceTree = "<group>"; };
		9AC180552272F03D00E1541C /* RequestFactory.swift */ = {isa = PBXFileReference; lastKnownFileType = sourcecode.swift; path = RequestFactory.swift; sourceTree = "<group>"; };
		9AC180572272F33000E1541C /* LogoutResult.swift */ = {isa = PBXFileReference; lastKnownFileType = sourcecode.swift; path = LogoutResult.swift; sourceTree = "<group>"; };
		9AC180592272F5D300E1541C /* RegistrResult.swift */ = {isa = PBXFileReference; lastKnownFileType = sourcecode.swift; path = RegistrResult.swift; sourceTree = "<group>"; };
		9AC1805B2272F95500E1541C /* ChangeDataResult.swift */ = {isa = PBXFileReference; lastKnownFileType = sourcecode.swift; path = ChangeDataResult.swift; sourceTree = "<group>"; };
		9AC1805D2272FC0700E1541C /* Main.storyboard */ = {isa = PBXFileReference; lastKnownFileType = file.storyboard; path = Main.storyboard; sourceTree = "<group>"; };
		9AC180692274C2BB00E1541C /* LoginTest.swift */ = {isa = PBXFileReference; lastKnownFileType = sourcecode.swift; path = LoginTest.swift; sourceTree = "<group>"; };
		C5934F9F57A521F19AEE49C4 /* Pods-IShopTests.release.xcconfig */ = {isa = PBXFileReference; includeInIndex = 1; lastKnownFileType = text.xcconfig; name = "Pods-IShopTests.release.xcconfig"; path = "Pods/Target Support Files/Pods-IShopTests/Pods-IShopTests.release.xcconfig"; sourceTree = "<group>"; };
		DD7072C4DD02E1C72ACAF317 /* Pods-IShopUITests.release.xcconfig */ = {isa = PBXFileReference; includeInIndex = 1; lastKnownFileType = text.xcconfig; name = "Pods-IShopUITests.release.xcconfig"; path = "Pods/Target Support Files/Pods-IShopUITests/Pods-IShopUITests.release.xcconfig"; sourceTree = "<group>"; };
/* End PBXFileReference section */

/* Begin PBXFrameworksBuildPhase section */
		9A0C8D9F226CD61400BF40AB /* Frameworks */ = {
			isa = PBXFrameworksBuildPhase;
			buildActionMask = 2147483647;
			files = (
				71BB6D50653248BBD17C119E /* Pods_IShop.framework in Frameworks */,
			);
			runOnlyForDeploymentPostprocessing = 0;
		};
		9A0C8DB3226CD61500BF40AB /* Frameworks */ = {
			isa = PBXFrameworksBuildPhase;
			buildActionMask = 2147483647;
			files = (
				502F7178FCBF1BFB3BA86553 /* Pods_IShopTests.framework in Frameworks */,
			);
			runOnlyForDeploymentPostprocessing = 0;
		};
		9A0C8DBE226CD61500BF40AB /* Frameworks */ = {
			isa = PBXFrameworksBuildPhase;
			buildActionMask = 2147483647;
			files = (
				067E9EBE759A5DB9DBBA0A99 /* Pods_IShopUITests.framework in Frameworks */,
			);
			runOnlyForDeploymentPostprocessing = 0;
		};
/* End PBXFrameworksBuildPhase section */

/* Begin PBXGroup section */
		3197D996E9574677AA39D0E9 /* Pods */ = {
			isa = PBXGroup;
			children = (
				60D9A19A2DD40E0EFB399665 /* Pods-IShop.debug.xcconfig */,
				0FD325B284857C7AA817CE2A /* Pods-IShop.release.xcconfig */,
				68FACF750ACC98C9AFFF156B /* Pods-IShopTests.debug.xcconfig */,
				C5934F9F57A521F19AEE49C4 /* Pods-IShopTests.release.xcconfig */,
				08C49666C4F87F99EFC8103C /* Pods-IShopUITests.debug.xcconfig */,
				DD7072C4DD02E1C72ACAF317 /* Pods-IShopUITests.release.xcconfig */,
			);
			name = Pods;
			sourceTree = "<group>";
		};
		8C9152667787C9D986FEA2CA /* Frameworks */ = {
			isa = PBXGroup;
			children = (
				1717BE0144D857FDF5B88CEC /* Pods_IShop.framework */,
				5418AB9FABA932C17F1FD6F7 /* Pods_IShopTests.framework */,
				67D7D1C05EB61AE49BC881BB /* Pods_IShopUITests.framework */,
			);
			name = Frameworks;
			sourceTree = "<group>";
		};
		9A0C8D99226CD61400BF40AB = {
			isa = PBXGroup;
			children = (
				9A0C8DA4226CD61400BF40AB /* IShop */,
				9A0C8DB9226CD61500BF40AB /* IShopTests */,
				9A0C8DC4226CD61500BF40AB /* IShopUITests */,
				9A0C8DA3226CD61400BF40AB /* Products */,
				3197D996E9574677AA39D0E9 /* Pods */,
				8C9152667787C9D986FEA2CA /* Frameworks */,
			);
			sourceTree = "<group>";
		};
		9A0C8DA3226CD61400BF40AB /* Products */ = {
			isa = PBXGroup;
			children = (
				9A0C8DA2226CD61400BF40AB /* IShop.app */,
				9A0C8DB6226CD61500BF40AB /* IShopTests.xctest */,
				9A0C8DC1226CD61500BF40AB /* IShopUITests.xctest */,
			);
			name = Products;
			sourceTree = "<group>";
		};
		9A0C8DA4226CD61400BF40AB /* IShop */ = {
			isa = PBXGroup;
			children = (
				9A0C8DB1226CD61500BF40AB /* Info.plist */,
				9AB4ADD1226CD85E007BEFD1 /* App */,
				9AB4ADD6226CD8A4007BEFD1 /* Core */,
				9AB4ADD8226CD8B8007BEFD1 /* Enviroments */,
				9AB4ADD7226CD8A8007BEFD1 /* Resources */,
			);
			path = IShop;
			sourceTree = "<group>";
		};
		9A0C8DB9226CD61500BF40AB /* IShopTests */ = {
			isa = PBXGroup;
			children = (
				9A0C8DBA226CD61500BF40AB /* IShopTests.swift */,
				9A0C8DBC226CD61500BF40AB /* Info.plist */,
				9AC180692274C2BB00E1541C /* LoginTest.swift */,
			);
			path = IShopTests;
			sourceTree = "<group>";
		};
		9A0C8DC4226CD61500BF40AB /* IShopUITests */ = {
			isa = PBXGroup;
			children = (
				9A0C8DC5226CD61500BF40AB /* IShopUITests.swift */,
				9A0C8DC7226CD61500BF40AB /* Info.plist */,
			);
			path = IShopUITests;
			sourceTree = "<group>";
		};
		9AB4ADD1226CD85E007BEFD1 /* App */ = {
			isa = PBXGroup;
			children = (
				9A0C8DA5226CD61400BF40AB /* AppDelegate.swift */,
				9AB4ADD5226CD887007BEFD1 /* Assembly */,
				9AB4ADD4226CD87F007BEFD1 /* Flows */,
				9AB4ADD3226CD877007BEFD1 /* Entity */,
				9AB4ADD2226CD863007BEFD1 /* BussinessLogic */,
			);
			path = App;
			sourceTree = "<group>";
		};
		9AB4ADD2226CD863007BEFD1 /* BussinessLogic */ = {
			isa = PBXGroup;
			children = (
				9AC180502272EFEB00E1541C /* Network */,
			);
			path = BussinessLogic;
			sourceTree = "<group>";
		};
		9AB4ADD3226CD877007BEFD1 /* Entity */ = {
			isa = PBXGroup;
			children = (
				9AC1804C2272EFB200E1541C /* LoginResult.swift */,
				9AC180572272F33000E1541C /* LogoutResult.swift */,
				9AC180592272F5D300E1541C /* RegistrResult.swift */,
				9AC1804E2272EFBA00E1541C /* User.swift */,
				9AC1805B2272F95500E1541C /* ChangeDataResult.swift */,
			);
			path = Entity;
			sourceTree = "<group>";
		};
		9AB4ADD4226CD87F007BEFD1 /* Flows */ = {
			isa = PBXGroup;
			children = (
				9AC1805D2272FC0700E1541C /* Main.storyboard */,
			);
			path = Flows;
			sourceTree = "<group>";
		};
		9AB4ADD5226CD887007BEFD1 /* Assembly */ = {
			isa = PBXGroup;
			children = (
			);
			path = Assembly;
			sourceTree = "<group>";
		};
		9AB4ADD6226CD8A4007BEFD1 /* Core */ = {
			isa = PBXGroup;
			children = (
				9AC180432272EB6500E1541C /* Network */,
			);
			path = Core;
			sourceTree = "<group>";
		};
		9AB4ADD7226CD8A8007BEFD1 /* Resources */ = {
			isa = PBXGroup;
			children = (
				9A0C8DAE226CD61500BF40AB /* LaunchScreen.storyboard */,
				9A0C8DAC226CD61500BF40AB /* Assets.xcassets */,
			);
			path = Resources;
			sourceTree = "<group>";
		};
		9AB4ADD8226CD8B8007BEFD1 /* Enviroments */ = {
			isa = PBXGroup;
			children = (
			);
			path = Enviroments;
			sourceTree = "<group>";
		};
		9AC180432272EB6500E1541C /* Network */ = {
			isa = PBXGroup;
			children = (
				9AC180442272EE2600E1541C /* AbstractErrorParser.swift */,
				9AC180462272EE3A00E1541C /* ErrorParser.swift */,
				9AC180482272EF2F00E1541C /* DataRequest.swift */,
				9AC1804A2272EF6900E1541C /* RequestRouter.swift */,
			);
			path = Network;
			sourceTree = "<group>";
		};
		9AC180502272EFEB00E1541C /* Network */ = {
			isa = PBXGroup;
			children = (
				9AC180512272EFF900E1541C /* AuthRequestFactory.swift */,
				9AC180532272F02200E1541C /* Auth.swift */,
				9AC180552272F03D00E1541C /* RequestFactory.swift */,
			);
			path = Network;
			sourceTree = "<group>";
		};
/* End PBXGroup section */

/* Begin PBXNativeTarget section */
		9A0C8DA1226CD61400BF40AB /* IShop */ = {
			isa = PBXNativeTarget;
			buildConfigurationList = 9A0C8DCA226CD61500BF40AB /* Build configuration list for PBXNativeTarget "IShop" */;
			buildPhases = (
				4B575D8C16CCEF62A7E5F4FA /* [CP] Check Pods Manifest.lock */,
				9A0C8D9E226CD61400BF40AB /* Sources */,
				9A0C8D9F226CD61400BF40AB /* Frameworks */,
				9A0C8DA0226CD61400BF40AB /* Resources */,
				A8F8EE18D2B693637F3D40B1 /* [CP] Embed Pods Frameworks */,
			);
			buildRules = (
			);
			dependencies = (
			);
			name = IShop;
			productName = IShop;
			productReference = 9A0C8DA2226CD61400BF40AB /* IShop.app */;
			productType = "com.apple.product-type.application";
		};
		9A0C8DB5226CD61500BF40AB /* IShopTests */ = {
			isa = PBXNativeTarget;
			buildConfigurationList = 9A0C8DCD226CD61500BF40AB /* Build configuration list for PBXNativeTarget "IShopTests" */;
			buildPhases = (
				B5D2A7D6BD39FEBA2D94C14D /* [CP] Check Pods Manifest.lock */,
				9A0C8DB2226CD61500BF40AB /* Sources */,
				9A0C8DB3226CD61500BF40AB /* Frameworks */,
				9A0C8DB4226CD61500BF40AB /* Resources */,
			);
			buildRules = (
			);
			dependencies = (
				9A0C8DB8226CD61500BF40AB /* PBXTargetDependency */,
			);
			name = IShopTests;
			productName = IShopTests;
			productReference = 9A0C8DB6226CD61500BF40AB /* IShopTests.xctest */;
			productType = "com.apple.product-type.bundle.unit-test";
		};
		9A0C8DC0226CD61500BF40AB /* IShopUITests */ = {
			isa = PBXNativeTarget;
			buildConfigurationList = 9A0C8DD0226CD61500BF40AB /* Build configuration list for PBXNativeTarget "IShopUITests" */;
			buildPhases = (
				B36531E4E4782FC8E035C7A3 /* [CP] Check Pods Manifest.lock */,
				9A0C8DBD226CD61500BF40AB /* Sources */,
				9A0C8DBE226CD61500BF40AB /* Frameworks */,
				9A0C8DBF226CD61500BF40AB /* Resources */,
			);
			buildRules = (
			);
			dependencies = (
				9A0C8DC3226CD61500BF40AB /* PBXTargetDependency */,
			);
			name = IShopUITests;
			productName = IShopUITests;
			productReference = 9A0C8DC1226CD61500BF40AB /* IShopUITests.xctest */;
			productType = "com.apple.product-type.bundle.ui-testing";
		};
/* End PBXNativeTarget section */

/* Begin PBXProject section */
		9A0C8D9A226CD61400BF40AB /* Project object */ = {
			isa = PBXProject;
			attributes = {
				LastSwiftUpdateCheck = 1020;
				LastUpgradeCheck = 1020;
				ORGANIZATIONNAME = "Арсений Дорогин";
				TargetAttributes = {
					9A0C8DA1226CD61400BF40AB = {
						CreatedOnToolsVersion = 10.2.1;
					};
					9A0C8DB5226CD61500BF40AB = {
						CreatedOnToolsVersion = 10.2.1;
						TestTargetID = 9A0C8DA1226CD61400BF40AB;
					};
					9A0C8DC0226CD61500BF40AB = {
						CreatedOnToolsVersion = 10.2.1;
						TestTargetID = 9A0C8DA1226CD61400BF40AB;
					};
				};
			};
			buildConfigurationList = 9A0C8D9D226CD61400BF40AB /* Build configuration list for PBXProject "IShop" */;
			compatibilityVersion = "Xcode 9.3";
			developmentRegion = en;
			hasScannedForEncodings = 0;
			knownRegions = (
				en,
				Base,
			);
			mainGroup = 9A0C8D99226CD61400BF40AB;
			productRefGroup = 9A0C8DA3226CD61400BF40AB /* Products */;
			projectDirPath = "";
			projectRoot = "";
			targets = (
				9A0C8DA1226CD61400BF40AB /* IShop */,
				9A0C8DB5226CD61500BF40AB /* IShopTests */,
				9A0C8DC0226CD61500BF40AB /* IShopUITests */,
			);
		};
/* End PBXProject section */

/* Begin PBXResourcesBuildPhase section */
		9A0C8DA0226CD61400BF40AB /* Resources */ = {
			isa = PBXResourcesBuildPhase;
			buildActionMask = 2147483647;
			files = (
				9AC1805E2272FC0700E1541C /* Main.storyboard in Resources */,
				9A0C8DB0226CD61500BF40AB /* LaunchScreen.storyboard in Resources */,
				9A0C8DAD226CD61500BF40AB /* Assets.xcassets in Resources */,
			);
			runOnlyForDeploymentPostprocessing = 0;
		};
		9A0C8DB4226CD61500BF40AB /* Resources */ = {
			isa = PBXResourcesBuildPhase;
			buildActionMask = 2147483647;
			files = (
			);
			runOnlyForDeploymentPostprocessing = 0;
		};
		9A0C8DBF226CD61500BF40AB /* Resources */ = {
			isa = PBXResourcesBuildPhase;
			buildActionMask = 2147483647;
			files = (
			);
			runOnlyForDeploymentPostprocessing = 0;
		};
/* End PBXResourcesBuildPhase section */

/* Begin PBXShellScriptBuildPhase section */
		4B575D8C16CCEF62A7E5F4FA /* [CP] Check Pods Manifest.lock */ = {
			isa = PBXShellScriptBuildPhase;
			buildActionMask = 2147483647;
			files = (
			);
			inputFileListPaths = (
			);
			inputPaths = (
				"${PODS_PODFILE_DIR_PATH}/Podfile.lock",
				"${PODS_ROOT}/Manifest.lock",
			);
			name = "[CP] Check Pods Manifest.lock";
			outputFileListPaths = (
			);
			outputPaths = (
				"$(DERIVED_FILE_DIR)/Pods-IShop-checkManifestLockResult.txt",
			);
			runOnlyForDeploymentPostprocessing = 0;
			shellPath = /bin/sh;
			shellScript = "diff \"${PODS_PODFILE_DIR_PATH}/Podfile.lock\" \"${PODS_ROOT}/Manifest.lock\" > /dev/null\nif [ $? != 0 ] ; then\n    # print error to STDERR\n    echo \"error: The sandbox is not in sync with the Podfile.lock. Run 'pod install' or update your CocoaPods installation.\" >&2\n    exit 1\nfi\n# This output is used by Xcode 'outputs' to avoid re-running this script phase.\necho \"SUCCESS\" > \"${SCRIPT_OUTPUT_FILE_0}\"\n";
			showEnvVarsInLog = 0;
		};
		A8F8EE18D2B693637F3D40B1 /* [CP] Embed Pods Frameworks */ = {
			isa = PBXShellScriptBuildPhase;
			buildActionMask = 2147483647;
			files = (
			);
			inputFileListPaths = (
			);
			inputPaths = (
				"${SRCROOT}/Pods/Target Support Files/Pods-IShop/Pods-IShop-frameworks.sh",
				"${BUILT_PRODUCTS_DIR}/Alamofire/Alamofire.framework",
			);
			name = "[CP] Embed Pods Frameworks";
			outputFileListPaths = (
			);
			outputPaths = (
				"${TARGET_BUILD_DIR}/${FRAMEWORKS_FOLDER_PATH}/Alamofire.framework",
			);
			runOnlyForDeploymentPostprocessing = 0;
			shellPath = /bin/sh;
			shellScript = "\"${SRCROOT}/Pods/Target Support Files/Pods-IShop/Pods-IShop-frameworks.sh\"\n";
			showEnvVarsInLog = 0;
		};
		B36531E4E4782FC8E035C7A3 /* [CP] Check Pods Manifest.lock */ = {
			isa = PBXShellScriptBuildPhase;
			buildActionMask = 2147483647;
			files = (
			);
			inputFileListPaths = (
			);
			inputPaths = (
				"${PODS_PODFILE_DIR_PATH}/Podfile.lock",
				"${PODS_ROOT}/Manifest.lock",
			);
			name = "[CP] Check Pods Manifest.lock";
			outputFileListPaths = (
			);
			outputPaths = (
				"$(DERIVED_FILE_DIR)/Pods-IShopUITests-checkManifestLockResult.txt",
			);
			runOnlyForDeploymentPostprocessing = 0;
			shellPath = /bin/sh;
			shellScript = "diff \"${PODS_PODFILE_DIR_PATH}/Podfile.lock\" \"${PODS_ROOT}/Manifest.lock\" > /dev/null\nif [ $? != 0 ] ; then\n    # print error to STDERR\n    echo \"error: The sandbox is not in sync with the Podfile.lock. Run 'pod install' or update your CocoaPods installation.\" >&2\n    exit 1\nfi\n# This output is used by Xcode 'outputs' to avoid re-running this script phase.\necho \"SUCCESS\" > \"${SCRIPT_OUTPUT_FILE_0}\"\n";
			showEnvVarsInLog = 0;
		};
		B5D2A7D6BD39FEBA2D94C14D /* [CP] Check Pods Manifest.lock */ = {
			isa = PBXShellScriptBuildPhase;
			buildActionMask = 2147483647;
			files = (
			);
			inputFileListPaths = (
			);
			inputPaths = (
				"${PODS_PODFILE_DIR_PATH}/Podfile.lock",
				"${PODS_ROOT}/Manifest.lock",
			);
			name = "[CP] Check Pods Manifest.lock";
			outputFileListPaths = (
			);
			outputPaths = (
				"$(DERIVED_FILE_DIR)/Pods-IShopTests-checkManifestLockResult.txt",
			);
			runOnlyForDeploymentPostprocessing = 0;
			shellPath = /bin/sh;
			shellScript = "diff \"${PODS_PODFILE_DIR_PATH}/Podfile.lock\" \"${PODS_ROOT}/Manifest.lock\" > /dev/null\nif [ $? != 0 ] ; then\n    # print error to STDERR\n    echo \"error: The sandbox is not in sync with the Podfile.lock. Run 'pod install' or update your CocoaPods installation.\" >&2\n    exit 1\nfi\n# This output is used by Xcode 'outputs' to avoid re-running this script phase.\necho \"SUCCESS\" > \"${SCRIPT_OUTPUT_FILE_0}\"\n";
			showEnvVarsInLog = 0;
		};
/* End PBXShellScriptBuildPhase section */

/* Begin PBXSourcesBuildPhase section */
		9A0C8D9E226CD61400BF40AB /* Sources */ = {
			isa = PBXSourcesBuildPhase;
			buildActionMask = 2147483647;
			files = (
				9AC1805C2272F95500E1541C /* ChangeDataResult.swift in Sources */,
				9AC1804D2272EFB200E1541C /* LoginResult.swift in Sources */,
				9AC180582272F33000E1541C /* LogoutResult.swift in Sources */,
				9A0C8DA6226CD61400BF40AB /* AppDelegate.swift in Sources */,
				9AC1804B2272EF6900E1541C /* RequestRouter.swift in Sources */,
				9AC180472272EE3A00E1541C /* ErrorParser.swift in Sources */,
				9AC1805A2272F5D300E1541C /* RegistrResult.swift in Sources */,
				9AC180452272EE2600E1541C /* AbstractErrorParser.swift in Sources */,
				9AC180492272EF2F00E1541C /* DataRequest.swift in Sources */,
				9AC180562272F03D00E1541C /* RequestFactory.swift in Sources */,
				9AC180522272EFF900E1541C /* AuthRequestFactory.swift in Sources */,
				9AC1804F2272EFBA00E1541C /* User.swift in Sources */,
				9AC180542272F02200E1541C /* Auth.swift in Sources */,
			);
			runOnlyForDeploymentPostprocessing = 0;
		};
		9A0C8DB2226CD61500BF40AB /* Sources */ = {
			isa = PBXSourcesBuildPhase;
			buildActionMask = 2147483647;
			files = (
				9A0C8DBB226CD61500BF40AB /* IShopTests.swift in Sources */,
				9AC1806A2274C2BB00E1541C /* LoginTest.swift in Sources */,
			);
			runOnlyForDeploymentPostprocessing = 0;
		};
		9A0C8DBD226CD61500BF40AB /* Sources */ = {
			isa = PBXSourcesBuildPhase;
			buildActionMask = 2147483647;
			files = (
				9A0C8DC6226CD61500BF40AB /* IShopUITests.swift in Sources */,
			);
			runOnlyForDeploymentPostprocessing = 0;
		};
/* End PBXSourcesBuildPhase section */

/* Begin PBXTargetDependency section */
		9A0C8DB8226CD61500BF40AB /* PBXTargetDependency */ = {
			isa = PBXTargetDependency;
			target = 9A0C8DA1226CD61400BF40AB /* IShop */;
			targetProxy = 9A0C8DB7226CD61500BF40AB /* PBXContainerItemProxy */;
		};
		9A0C8DC3226CD61500BF40AB /* PBXTargetDependency */ = {
			isa = PBXTargetDependency;
			target = 9A0C8DA1226CD61400BF40AB /* IShop */;
			targetProxy = 9A0C8DC2226CD61500BF40AB /* PBXContainerItemProxy */;
		};
/* End PBXTargetDependency section */

/* Begin PBXVariantGroup section */
		9A0C8DAE226CD61500BF40AB /* LaunchScreen.storyboard */ = {
			isa = PBXVariantGroup;
			children = (
				9A0C8DAF226CD61500BF40AB /* Base */,
			);
			name = LaunchScreen.storyboard;
			sourceTree = "<group>";
		};
/* End PBXVariantGroup section */

/* Begin XCBuildConfiguration section */
		9A0C8DC8226CD61500BF40AB /* Debug */ = {
			isa = XCBuildConfiguration;
			buildSettings = {
				ALWAYS_SEARCH_USER_PATHS = NO;
				CLANG_ANALYZER_NONNULL = YES;
				CLANG_ANALYZER_NUMBER_OBJECT_CONVERSION = YES_AGGRESSIVE;
				CLANG_CXX_LANGUAGE_STANDARD = "gnu++14";
				CLANG_CXX_LIBRARY = "libc++";
				CLANG_ENABLE_MODULES = YES;
				CLANG_ENABLE_OBJC_ARC = YES;
				CLANG_ENABLE_OBJC_WEAK = YES;
				CLANG_WARN_BLOCK_CAPTURE_AUTORELEASING = YES;
				CLANG_WARN_BOOL_CONVERSION = YES;
				CLANG_WARN_COMMA = YES;
				CLANG_WARN_CONSTANT_CONVERSION = YES;
				CLANG_WARN_DEPRECATED_OBJC_IMPLEMENTATIONS = YES;
				CLANG_WARN_DIRECT_OBJC_ISA_USAGE = YES_ERROR;
				CLANG_WARN_DOCUMENTATION_COMMENTS = YES;
				CLANG_WARN_EMPTY_BODY = YES;
				CLANG_WARN_ENUM_CONVERSION = YES;
				CLANG_WARN_INFINITE_RECURSION = YES;
				CLANG_WARN_INT_CONVERSION = YES;
				CLANG_WARN_NON_LITERAL_NULL_CONVERSION = YES;
				CLANG_WARN_OBJC_IMPLICIT_RETAIN_SELF = YES;
				CLANG_WARN_OBJC_LITERAL_CONVERSION = YES;
				CLANG_WARN_OBJC_ROOT_CLASS = YES_ERROR;
				CLANG_WARN_RANGE_LOOP_ANALYSIS = YES;
				CLANG_WARN_STRICT_PROTOTYPES = YES;
				CLANG_WARN_SUSPICIOUS_MOVE = YES;
				CLANG_WARN_UNGUARDED_AVAILABILITY = YES_AGGRESSIVE;
				CLANG_WARN_UNREACHABLE_CODE = YES;
				CLANG_WARN__DUPLICATE_METHOD_MATCH = YES;
				CODE_SIGN_IDENTITY = "iPhone Developer";
				COPY_PHASE_STRIP = NO;
				DEBUG_INFORMATION_FORMAT = dwarf;
				ENABLE_STRICT_OBJC_MSGSEND = YES;
				ENABLE_TESTABILITY = YES;
				GCC_C_LANGUAGE_STANDARD = gnu11;
				GCC_DYNAMIC_NO_PIC = NO;
				GCC_NO_COMMON_BLOCKS = YES;
				GCC_OPTIMIZATION_LEVEL = 0;
				GCC_PREPROCESSOR_DEFINITIONS = (
					"DEBUG=1",
					"$(inherited)",
				);
				GCC_WARN_64_TO_32_BIT_CONVERSION = YES;
				GCC_WARN_ABOUT_RETURN_TYPE = YES_ERROR;
				GCC_WARN_UNDECLARED_SELECTOR = YES;
				GCC_WARN_UNINITIALIZED_AUTOS = YES_AGGRESSIVE;
				GCC_WARN_UNUSED_FUNCTION = YES;
				GCC_WARN_UNUSED_VARIABLE = YES;
				IPHONEOS_DEPLOYMENT_TARGET = 12.2;
				MTL_ENABLE_DEBUG_INFO = INCLUDE_SOURCE;
				MTL_FAST_MATH = YES;
				ONLY_ACTIVE_ARCH = YES;
				SDKROOT = iphoneos;
				SWIFT_ACTIVE_COMPILATION_CONDITIONS = DEBUG;
				SWIFT_OPTIMIZATION_LEVEL = "-Onone";
			};
			name = Debug;
		};
		9A0C8DC9226CD61500BF40AB /* Release */ = {
			isa = XCBuildConfiguration;
			buildSettings = {
				ALWAYS_SEARCH_USER_PATHS = NO;
				CLANG_ANALYZER_NONNULL = YES;
				CLANG_ANALYZER_NUMBER_OBJECT_CONVERSION = YES_AGGRESSIVE;
				CLANG_CXX_LANGUAGE_STANDARD = "gnu++14";
				CLANG_CXX_LIBRARY = "libc++";
				CLANG_ENABLE_MODULES = YES;
				CLANG_ENABLE_OBJC_ARC = YES;
				CLANG_ENABLE_OBJC_WEAK = YES;
				CLANG_WARN_BLOCK_CAPTURE_AUTORELEASING = YES;
				CLANG_WARN_BOOL_CONVERSION = YES;
				CLANG_WARN_COMMA = YES;
				CLANG_WARN_CONSTANT_CONVERSION = YES;
				CLANG_WARN_DEPRECATED_OBJC_IMPLEMENTATIONS = YES;
				CLANG_WARN_DIRECT_OBJC_ISA_USAGE = YES_ERROR;
				CLANG_WARN_DOCUMENTATION_COMMENTS = YES;
				CLANG_WARN_EMPTY_BODY = YES;
				CLANG_WARN_ENUM_CONVERSION = YES;
				CLANG_WARN_INFINITE_RECURSION = YES;
				CLANG_WARN_INT_CONVERSION = YES;
				CLANG_WARN_NON_LITERAL_NULL_CONVERSION = YES;
				CLANG_WARN_OBJC_IMPLICIT_RETAIN_SELF = YES;
				CLANG_WARN_OBJC_LITERAL_CONVERSION = YES;
				CLANG_WARN_OBJC_ROOT_CLASS = YES_ERROR;
				CLANG_WARN_RANGE_LOOP_ANALYSIS = YES;
				CLANG_WARN_STRICT_PROTOTYPES = YES;
				CLANG_WARN_SUSPICIOUS_MOVE = YES;
				CLANG_WARN_UNGUARDED_AVAILABILITY = YES_AGGRESSIVE;
				CLANG_WARN_UNREACHABLE_CODE = YES;
				CLANG_WARN__DUPLICATE_METHOD_MATCH = YES;
				CODE_SIGN_IDENTITY = "iPhone Developer";
				COPY_PHASE_STRIP = NO;
				DEBUG_INFORMATION_FORMAT = "dwarf-with-dsym";
				ENABLE_NS_ASSERTIONS = NO;
				ENABLE_STRICT_OBJC_MSGSEND = YES;
				GCC_C_LANGUAGE_STANDARD = gnu11;
				GCC_NO_COMMON_BLOCKS = YES;
				GCC_WARN_64_TO_32_BIT_CONVERSION = YES;
				GCC_WARN_ABOUT_RETURN_TYPE = YES_ERROR;
				GCC_WARN_UNDECLARED_SELECTOR = YES;
				GCC_WARN_UNINITIALIZED_AUTOS = YES_AGGRESSIVE;
				GCC_WARN_UNUSED_FUNCTION = YES;
				GCC_WARN_UNUSED_VARIABLE = YES;
				IPHONEOS_DEPLOYMENT_TARGET = 12.2;
				MTL_ENABLE_DEBUG_INFO = NO;
				MTL_FAST_MATH = YES;
				SDKROOT = iphoneos;
				SWIFT_COMPILATION_MODE = wholemodule;
				SWIFT_OPTIMIZATION_LEVEL = "-O";
				VALIDATE_PRODUCT = YES;
			};
			name = Release;
		};
		9A0C8DCB226CD61500BF40AB /* Debug */ = {
			isa = XCBuildConfiguration;
			baseConfigurationReference = 60D9A19A2DD40E0EFB399665 /* Pods-IShop.debug.xcconfig */;
			buildSettings = {
				ASSETCATALOG_COMPILER_APPICON_NAME = AppIcon;
				CODE_SIGN_STYLE = Automatic;
				DEVELOPMENT_TEAM = 623JYZ98ZP;
				INFOPLIST_FILE = IShop/Info.plist;
				LD_RUNPATH_SEARCH_PATHS = (
					"$(inherited)",
					"@executable_path/Frameworks",
				);
				PRODUCT_BUNDLE_IDENTIFIER = AVSI.IShop;
				PRODUCT_NAME = "$(TARGET_NAME)";
				SWIFT_VERSION = 5.0;
				TARGETED_DEVICE_FAMILY = "1,2";
			};
			name = Debug;
		};
		9A0C8DCC226CD61500BF40AB /* Release */ = {
			isa = XCBuildConfiguration;
			baseConfigurationReference = 0FD325B284857C7AA817CE2A /* Pods-IShop.release.xcconfig */;
			buildSettings = {
				ASSETCATALOG_COMPILER_APPICON_NAME = AppIcon;
				CODE_SIGN_STYLE = Automatic;
				DEVELOPMENT_TEAM = 623JYZ98ZP;
				INFOPLIST_FILE = IShop/Info.plist;
				LD_RUNPATH_SEARCH_PATHS = (
					"$(inherited)",
					"@executable_path/Frameworks",
				);
				PRODUCT_BUNDLE_IDENTIFIER = AVSI.IShop;
				PRODUCT_NAME = "$(TARGET_NAME)";
				SWIFT_VERSION = 5.0;
				TARGETED_DEVICE_FAMILY = "1,2";
			};
			name = Release;
		};
		9A0C8DCE226CD61500BF40AB /* Debug */ = {
			isa = XCBuildConfiguration;
			baseConfigurationReference = 68FACF750ACC98C9AFFF156B /* Pods-IShopTests.debug.xcconfig */;
			buildSettings = {
				ALWAYS_EMBED_SWIFT_STANDARD_LIBRARIES = YES;
				BUNDLE_LOADER = "$(TEST_HOST)";
				CODE_SIGN_STYLE = Automatic;
				DEVELOPMENT_TEAM = 623JYZ98ZP;
				INFOPLIST_FILE = IShopTests/Info.plist;
				LD_RUNPATH_SEARCH_PATHS = (
					"$(inherited)",
					"@executable_path/Frameworks",
					"@loader_path/Frameworks",
				);
				PRODUCT_BUNDLE_IDENTIFIER = AVSI.IShopTests;
				PRODUCT_NAME = "$(TARGET_NAME)";
				SWIFT_VERSION = 5.0;
				TARGETED_DEVICE_FAMILY = "1,2";
				TEST_HOST = "$(BUILT_PRODUCTS_DIR)/IShop.app/IShop";
			};
			name = Debug;
		};
		9A0C8DCF226CD61500BF40AB /* Release */ = {
			isa = XCBuildConfiguration;
			baseConfigurationReference = C5934F9F57A521F19AEE49C4 /* Pods-IShopTests.release.xcconfig */;
			buildSettings = {
				ALWAYS_EMBED_SWIFT_STANDARD_LIBRARIES = YES;
				BUNDLE_LOADER = "$(TEST_HOST)";
				CODE_SIGN_STYLE = Automatic;
				DEVELOPMENT_TEAM = 623JYZ98ZP;
				INFOPLIST_FILE = IShopTests/Info.plist;
				LD_RUNPATH_SEARCH_PATHS = (
					"$(inherited)",
					"@executable_path/Frameworks",
					"@loader_path/Frameworks",
				);
				PRODUCT_BUNDLE_IDENTIFIER = AVSI.IShopTests;
				PRODUCT_NAME = "$(TARGET_NAME)";
				SWIFT_VERSION = 5.0;
				TARGETED_DEVICE_FAMILY = "1,2";
				TEST_HOST = "$(BUILT_PRODUCTS_DIR)/IShop.app/IShop";
			};
			name = Release;
		};
		9A0C8DD1226CD61500BF40AB /* Debug */ = {
			isa = XCBuildConfiguration;
			baseConfigurationReference = 08C49666C4F87F99EFC8103C /* Pods-IShopUITests.debug.xcconfig */;
			buildSettings = {
				ALWAYS_EMBED_SWIFT_STANDARD_LIBRARIES = YES;
				CODE_SIGN_STYLE = Automatic;
				DEVELOPMENT_TEAM = 623JYZ98ZP;
				INFOPLIST_FILE = IShopUITests/Info.plist;
				LD_RUNPATH_SEARCH_PATHS = (
					"$(inherited)",
					"@executable_path/Frameworks",
					"@loader_path/Frameworks",
				);
				PRODUCT_BUNDLE_IDENTIFIER = AVSI.IShopUITests;
				PRODUCT_NAME = "$(TARGET_NAME)";
				SWIFT_VERSION = 5.0;
				TARGETED_DEVICE_FAMILY = "1,2";
				TEST_TARGET_NAME = IShop;
			};
			name = Debug;
		};
		9A0C8DD2226CD61500BF40AB /* Release */ = {
			isa = XCBuildConfiguration;
			baseConfigurationReference = DD7072C4DD02E1C72ACAF317 /* Pods-IShopUITests.release.xcconfig */;
			buildSettings = {
				ALWAYS_EMBED_SWIFT_STANDARD_LIBRARIES = YES;
				CODE_SIGN_STYLE = Automatic;
				DEVELOPMENT_TEAM = 623JYZ98ZP;
				INFOPLIST_FILE = IShopUITests/Info.plist;
				LD_RUNPATH_SEARCH_PATHS = (
					"$(inherited)",
					"@executable_path/Frameworks",
					"@loader_path/Frameworks",
				);
				PRODUCT_BUNDLE_IDENTIFIER = AVSI.IShopUITests;
				PRODUCT_NAME = "$(TARGET_NAME)";
				SWIFT_VERSION = 5.0;
				TARGETED_DEVICE_FAMILY = "1,2";
				TEST_TARGET_NAME = IShop;
			};
			name = Release;
		};
/* End XCBuildConfiguration section */

/* Begin XCConfigurationList section */
		9A0C8D9D226CD61400BF40AB /* Build configuration list for PBXProject "IShop" */ = {
			isa = XCConfigurationList;
			buildConfigurations = (
				9A0C8DC8226CD61500BF40AB /* Debug */,
				9A0C8DC9226CD61500BF40AB /* Release */,
			);
			defaultConfigurationIsVisible = 0;
			defaultConfigurationName = Release;
		};
		9A0C8DCA226CD61500BF40AB /* Build configuration list for PBXNativeTarget "IShop" */ = {
			isa = XCConfigurationList;
			buildConfigurations = (
				9A0C8DCB226CD61500BF40AB /* Debug */,
				9A0C8DCC226CD61500BF40AB /* Release */,
			);
			defaultConfigurationIsVisible = 0;
			defaultConfigurationName = Release;
		};
		9A0C8DCD226CD61500BF40AB /* Build configuration list for PBXNativeTarget "IShopTests" */ = {
			isa = XCConfigurationList;
			buildConfigurations = (
				9A0C8DCE226CD61500BF40AB /* Debug */,
				9A0C8DCF226CD61500BF40AB /* Release */,
			);
			defaultConfigurationIsVisible = 0;
			defaultConfigurationName = Release;
		};
		9A0C8DD0226CD61500BF40AB /* Build configuration list for PBXNativeTarget "IShopUITests" */ = {
			isa = XCConfigurationList;
			buildConfigurations = (
				9A0C8DD1226CD61500BF40AB /* Debug */,
				9A0C8DD2226CD61500BF40AB /* Release */,
			);
			defaultConfigurationIsVisible = 0;
			defaultConfigurationName = Release;
		};
/* End XCConfigurationList section */
	};
	rootObject = 9A0C8D9A226CD61400BF40AB /* Project object */;
}
